Microsoft Visual Studio Solution File, Format Version 12.00
# Visual Studio Version 17
VisualStudioVersion = 17.5.2.0
MinimumVisualStudioVersion = 10.0.40219.1
Project("{FAE04EC0-301F-11D3-BF4B-00C04F79EFBC}") = "Skulkestudio.Api", "backend\skulkestudio.Api\skulkestudio.Api.csproj", "{BAC8A33A-BB14-A9CB-A06B-C55042C1551C}"
EndProject
Global
	GlobalSection(SolutionConfigurationPlatforms) = preSolution
		Debug|Any CPU = Debug|Any CPU
		Release|Any CPU = Release|Any CPU
	EndGlobalSection
	GlobalSection(ProjectConfigurationPlatforms) = postSolution
		{BAC8A33A-BB14-A9CB-A06B-C55042C1551C}.Debug|Any CPU.ActiveCfg = Debug|Any CPU
		{BAC8A33A-BB14-A9CB-A06B-C55042C1551C}.Debug|Any CPU.Build.0 = Debug|Any CPU
		{BAC8A33A-BB14-A9CB-A06B-C55042C1551C}.Release|Any CPU.ActiveCfg = Release|Any CPU
		{BAC8A33A-BB14-A9CB-A06B-C55042C1551C}.Release|Any CPU.Build.0 = Release|Any CPU
	EndGlobalSection
	GlobalSection(SolutionProperties) = preSolution
		HideSolutionNode = FALSE
	EndGlobalSection
	GlobalSection(ExtensibilityGlobals) = postSolution
		SolutionGuid = {CBC25A10-6B3E-4593-8EA5-C68DB3F5D4D1}
	EndGlobalSection
EndGlobal
